<?xml version="1.0" encoding="utf-8"?>
<Project ToolsVersion="4.0" xmlns="http://schemas.microsoft.com/developer/msbuild/2003">
  <ItemGroup>
    <ClCompile Include="main.cc" />
    <ClCompile Include="pch.cc" />
    <ClCompile Include="components\flying.cc">
      <Filter>components</Filter>
    </ClCompile>
    <ClCompile Include="components\player.cc">
      <Filter>components</Filter>
    </ClCompile>
    <ClCompile Include="components\raycast_shooting.cc">
      <Filter>components</Filter>
    </ClCompile>
  </ItemGroup>
  <ItemGroup>
    <Filter Include="components">
      <UniqueIdentifier>{1202a758-a2a4-4dd5-9ccd-f8c772c8a574}</UniqueIdentifier>
    </Filter>
  </ItemGroup>
  <ItemGroup>
    <ClInclude Include="pch.h" />
    <ClInclude Include="components\flying.h">
      <Filter>components</Filter>
    </ClInclude>
    <ClInclude Include="components\player.h">
      <Filter>components</Filter>
    </ClInclude>
    <ClInclude Include="components\raycast_shooting.h">
      <Filter>components</Filter>
    </ClInclude>
    <ClInclude Include="components\rotate.h">
      <Filter>components</Filter>
    </ClInclude>
    <ClInclude Include="components\output_position_and_rotation.h">
      <Filter>components</Filter>
    </ClInclude>
  </ItemGroup>
</Project>